
Microsoft Visual Studio Solution File, Format Version 12.00
# Visual Studio 15
VisualStudioVersion = 15.0.27130.2020
MinimumVisualStudioVersion = 10.0.40219.1
Project("{FAE04EC0-301F-11D3-BF4B-00C04F79EFBC}") = "BatchFileDownloader", "BatchFileDownloader\BatchFileDownloader.csproj", "{5E235327-0E4B-47D4-AB8E-88ECB9B38F14}"
EndProject
Global
	GlobalSection(SolutionConfigurationPlatforms) = preSolution
		Debug|Any CPU = Debug|Any CPU
		Release|Any CPU = Release|Any CPU
	EndGlobalSection
	GlobalSection(ProjectConfigurationPlatforms) = postSolution
		{5E235327-0E4B-47D4-AB8E-88ECB9B38F14}.Debug|Any CPU.ActiveCfg = Debug|Any CPU
		{5E235327-0E4B-47D4-AB8E-88ECB9B38F14}.Debug|Any CPU.Build.0 = Debug|Any CPU
		{5E235327-0E4B-47D4-AB8E-88ECB9B38F14}.Release|Any CPU.ActiveCfg = Release|Any CPU
		{5E235327-0E4B-47D4-AB8E-88ECB9B38F14}.Release|Any CPU.Build.0 = Release|Any CPU
	EndGlobalSection
	GlobalSection(SolutionProperties) = preSolution
		HideSolutionNode = FALSE
	EndGlobalSection
	GlobalSection(ExtensibilityGlobals) = postSolution
		SolutionGuid = {14BA0669-998C-4AF8-8B7A-54989F5285D1}
	EndGlobalSection
EndGlobal
